
Microsoft Visual Studio Solution File, Format Version 12.00
# Visual Studio 15
VisualStudioVersion = 15.0.26124.0
MinimumVisualStudioVersion = 15.0.26124.0
Project("{2150E333-8FDC-42A3-9474-1A3956D46DE8}") = "src", "src", "{B49E3CAF-606E-49B4-AFDB-A282064AFA0C}"
EndProject
Project("{2150E333-8FDC-42A3-9474-1A3956D46DE8}") = "Resources", "Resources", "{9DCE1B32-8472-47A3-B860-8BB1F8A83AD3}"
EndProject
Project("{FAE04EC0-301F-11D3-BF4B-00C04F79EFBC}") = "Resources.API", "src\Resources\Resources.API\Resources.API.csproj", "{F665C07F-E856-4C22-B920-3B2054615DA3}"
EndProject
Global
	GlobalSection(SolutionConfigurationPlatforms) = preSolution
		Debug|Any CPU = Debug|Any CPU
		Debug|x64 = Debug|x64
		Debug|x86 = Debug|x86
		Release|Any CPU = Release|Any CPU
		Release|x64 = Release|x64
		Release|x86 = Release|x86
	EndGlobalSection
	GlobalSection(SolutionProperties) = preSolution
		HideSolutionNode = FALSE
	EndGlobalSection
	GlobalSection(ProjectConfigurationPlatforms) = postSolution
		{F665C07F-E856-4C22-B920-3B2054615DA3}.Debug|Any CPU.ActiveCfg = Debug|Any CPU
		{F665C07F-E856-4C22-B920-3B2054615DA3}.Debug|Any CPU.Build.0 = Debug|Any CPU
		{F665C07F-E856-4C22-B920-3B2054615DA3}.Debug|x64.ActiveCfg = Debug|x64
		{F665C07F-E856-4C22-B920-3B2054615DA3}.Debug|x64.Build.0 = Debug|x64
		{F665C07F-E856-4C22-B920-3B2054615DA3}.Debug|x86.ActiveCfg = Debug|x86
		{F665C07F-E856-4C22-B920-3B2054615DA3}.Debug|x86.Build.0 = Debug|x86
		{F665C07F-E856-4C22-B920-3B2054615DA3}.Release|Any CPU.ActiveCfg = Release|Any CPU
		{F665C07F-E856-4C22-B920-3B2054615DA3}.Release|Any CPU.Build.0 = Release|Any CPU
		{F665C07F-E856-4C22-B920-3B2054615DA3}.Release|x64.ActiveCfg = Release|x64
		{F665C07F-E856-4C22-B920-3B2054615DA3}.Release|x64.Build.0 = Release|x64
		{F665C07F-E856-4C22-B920-3B2054615DA3}.Release|x86.ActiveCfg = Release|x86
		{F665C07F-E856-4C22-B920-3B2054615DA3}.Release|x86.Build.0 = Release|x86
	EndGlobalSection
	GlobalSection(NestedProjects) = preSolution
		{9DCE1B32-8472-47A3-B860-8BB1F8A83AD3} = {B49E3CAF-606E-49B4-AFDB-A282064AFA0C}
		{F665C07F-E856-4C22-B920-3B2054615DA3} = {9DCE1B32-8472-47A3-B860-8BB1F8A83AD3}
	EndGlobalSection
EndGlobal
