
Microsoft Visual Studio Solution File, Format Version 12.00
# Visual Studio 15
VisualStudioVersion = 15.0.26124.0
MinimumVisualStudioVersion = 15.0.26124.0
Project("{2150E333-8FDC-42A3-9474-1A3956D46DE8}") = "src", "src", "{B49E3CAF-606E-49B4-AFDB-A282064AFA0C}"
EndProject
Project("{2150E333-8FDC-42A3-9474-1A3956D46DE8}") = "Services", "Services", "{9DCE1B32-8472-47A3-B860-8BB1F8A83AD3}"
EndProject
Project("{FAE04EC0-301F-11D3-BF4B-00C04F79EFBC}") = "Resources.API", "src\Services\Resources.API\Resources.API.csproj", "{F665C07F-E856-4C22-B920-3B2054615DA3}"
EndProject
Project("{2150E333-8FDC-42A3-9474-1A3956D46DE8}") = "BuildingBlocks", "BuildingBlocks", "{48DCBB64-FF6F-4215-ABAB-576F2FC2CC42}"
EndProject
Project("{FAE04EC0-301F-11D3-BF4B-00C04F79EFBC}") = "EventBus", "src\BuildingBlocks\EventBus\EventBus.csproj", "{57166C44-5051-4EF4-AA84-D36EE7AA4D75}"
EndProject
Project("{FAE04EC0-301F-11D3-BF4B-00C04F79EFBC}") = "EventBusRabbitMQ", "src\BuildingBlocks\EventBusRabbitMQ\EventBusRabbitMQ.csproj", "{E92E2736-D1BB-496C-B492-E2CED9AAE250}"
EndProject
Project("{FAE04EC0-301F-11D3-BF4B-00C04F79EFBC}") = "Roster.API", "src\Services\Roster.API\Roster.API.csproj", "{1BE177A3-EF2B-4FCC-85D6-8B703068F4CC}"
EndProject
Project("{FAE04EC0-301F-11D3-BF4B-00C04F79EFBC}") = "Revenue.Domain", "src\Services\Revenue.Domain\Revenue.Domain.csproj", "{93614F5D-3977-42F0-A7F8-34CBFBB4402A}"
EndProject
Project("{FAE04EC0-301F-11D3-BF4B-00C04F79EFBC}") = "Revenue.API", "src\Services\Revenue.API\Revenue.API.csproj", "{C3D9CEF5-1DB6-48A2-8E51-2A363CF969BF}"
EndProject
Project("{FAE04EC0-301F-11D3-BF4B-00C04F79EFBC}") = "Revenue.Infrastructure", "src\Services\Revenue.Infrastructure\Revenue.Infrastructure.csproj", "{B5CD92B9-5467-4EFA-BF9A-0762469BB3D5}"
EndProject
Project("{FAE04EC0-301F-11D3-BF4B-00C04F79EFBC}") = "Identity.API", "src\Services\Identity.API\Identity.API.csproj", "{BD497ABD-A190-4401-A1C6-BA41D2B02420}"
EndProject
Project("{FAE04EC0-301F-11D3-BF4B-00C04F79EFBC}") = "HealthChecks", "src\BuildingBlocks\HealthChecks\HealthChecks.csproj", "{CBC1F35E-2655-48CC-A46C-5FFE203A1084}"
EndProject
Global
	GlobalSection(SolutionConfigurationPlatforms) = preSolution
		Debug|Any CPU = Debug|Any CPU
		Debug|x64 = Debug|x64
		Debug|x86 = Debug|x86
		Release|Any CPU = Release|Any CPU
		Release|x64 = Release|x64
		Release|x86 = Release|x86
	EndGlobalSection
	GlobalSection(SolutionProperties) = preSolution
		HideSolutionNode = FALSE
	EndGlobalSection
	GlobalSection(ProjectConfigurationPlatforms) = postSolution
		{F665C07F-E856-4C22-B920-3B2054615DA3}.Debug|Any CPU.ActiveCfg = Debug|Any CPU
		{F665C07F-E856-4C22-B920-3B2054615DA3}.Debug|Any CPU.Build.0 = Debug|Any CPU
		{F665C07F-E856-4C22-B920-3B2054615DA3}.Debug|x64.ActiveCfg = Debug|x64
		{F665C07F-E856-4C22-B920-3B2054615DA3}.Debug|x64.Build.0 = Debug|x64
		{F665C07F-E856-4C22-B920-3B2054615DA3}.Debug|x86.ActiveCfg = Debug|x86
		{F665C07F-E856-4C22-B920-3B2054615DA3}.Debug|x86.Build.0 = Debug|x86
		{F665C07F-E856-4C22-B920-3B2054615DA3}.Release|Any CPU.ActiveCfg = Release|Any CPU
		{F665C07F-E856-4C22-B920-3B2054615DA3}.Release|Any CPU.Build.0 = Release|Any CPU
		{F665C07F-E856-4C22-B920-3B2054615DA3}.Release|x64.ActiveCfg = Release|x64
		{F665C07F-E856-4C22-B920-3B2054615DA3}.Release|x64.Build.0 = Release|x64
		{F665C07F-E856-4C22-B920-3B2054615DA3}.Release|x86.ActiveCfg = Release|x86
		{F665C07F-E856-4C22-B920-3B2054615DA3}.Release|x86.Build.0 = Release|x86
		{57166C44-5051-4EF4-AA84-D36EE7AA4D75}.Debug|Any CPU.ActiveCfg = Debug|Any CPU
		{57166C44-5051-4EF4-AA84-D36EE7AA4D75}.Debug|Any CPU.Build.0 = Debug|Any CPU
		{57166C44-5051-4EF4-AA84-D36EE7AA4D75}.Debug|x64.ActiveCfg = Debug|x64
		{57166C44-5051-4EF4-AA84-D36EE7AA4D75}.Debug|x64.Build.0 = Debug|x64
		{57166C44-5051-4EF4-AA84-D36EE7AA4D75}.Debug|x86.ActiveCfg = Debug|x86
		{57166C44-5051-4EF4-AA84-D36EE7AA4D75}.Debug|x86.Build.0 = Debug|x86
		{57166C44-5051-4EF4-AA84-D36EE7AA4D75}.Release|Any CPU.ActiveCfg = Release|Any CPU
		{57166C44-5051-4EF4-AA84-D36EE7AA4D75}.Release|Any CPU.Build.0 = Release|Any CPU
		{57166C44-5051-4EF4-AA84-D36EE7AA4D75}.Release|x64.ActiveCfg = Release|x64
		{57166C44-5051-4EF4-AA84-D36EE7AA4D75}.Release|x64.Build.0 = Release|x64
		{57166C44-5051-4EF4-AA84-D36EE7AA4D75}.Release|x86.ActiveCfg = Release|x86
		{57166C44-5051-4EF4-AA84-D36EE7AA4D75}.Release|x86.Build.0 = Release|x86
		{E92E2736-D1BB-496C-B492-E2CED9AAE250}.Debug|Any CPU.ActiveCfg = Debug|Any CPU
		{E92E2736-D1BB-496C-B492-E2CED9AAE250}.Debug|Any CPU.Build.0 = Debug|Any CPU
		{E92E2736-D1BB-496C-B492-E2CED9AAE250}.Debug|x64.ActiveCfg = Debug|x64
		{E92E2736-D1BB-496C-B492-E2CED9AAE250}.Debug|x64.Build.0 = Debug|x64
		{E92E2736-D1BB-496C-B492-E2CED9AAE250}.Debug|x86.ActiveCfg = Debug|x86
		{E92E2736-D1BB-496C-B492-E2CED9AAE250}.Debug|x86.Build.0 = Debug|x86
		{E92E2736-D1BB-496C-B492-E2CED9AAE250}.Release|Any CPU.ActiveCfg = Release|Any CPU
		{E92E2736-D1BB-496C-B492-E2CED9AAE250}.Release|Any CPU.Build.0 = Release|Any CPU
		{E92E2736-D1BB-496C-B492-E2CED9AAE250}.Release|x64.ActiveCfg = Release|x64
		{E92E2736-D1BB-496C-B492-E2CED9AAE250}.Release|x64.Build.0 = Release|x64
		{E92E2736-D1BB-496C-B492-E2CED9AAE250}.Release|x86.ActiveCfg = Release|x86
		{E92E2736-D1BB-496C-B492-E2CED9AAE250}.Release|x86.Build.0 = Release|x86
		{1BE177A3-EF2B-4FCC-85D6-8B703068F4CC}.Debug|Any CPU.ActiveCfg = Debug|Any CPU
		{1BE177A3-EF2B-4FCC-85D6-8B703068F4CC}.Debug|Any CPU.Build.0 = Debug|Any CPU
		{1BE177A3-EF2B-4FCC-85D6-8B703068F4CC}.Debug|x64.ActiveCfg = Debug|x64
		{1BE177A3-EF2B-4FCC-85D6-8B703068F4CC}.Debug|x64.Build.0 = Debug|x64
		{1BE177A3-EF2B-4FCC-85D6-8B703068F4CC}.Debug|x86.ActiveCfg = Debug|x86
		{1BE177A3-EF2B-4FCC-85D6-8B703068F4CC}.Debug|x86.Build.0 = Debug|x86
		{1BE177A3-EF2B-4FCC-85D6-8B703068F4CC}.Release|Any CPU.ActiveCfg = Release|Any CPU
		{1BE177A3-EF2B-4FCC-85D6-8B703068F4CC}.Release|Any CPU.Build.0 = Release|Any CPU
		{1BE177A3-EF2B-4FCC-85D6-8B703068F4CC}.Release|x64.ActiveCfg = Release|x64
		{1BE177A3-EF2B-4FCC-85D6-8B703068F4CC}.Release|x64.Build.0 = Release|x64
		{1BE177A3-EF2B-4FCC-85D6-8B703068F4CC}.Release|x86.ActiveCfg = Release|x86
		{1BE177A3-EF2B-4FCC-85D6-8B703068F4CC}.Release|x86.Build.0 = Release|x86
		{93614F5D-3977-42F0-A7F8-34CBFBB4402A}.Debug|Any CPU.ActiveCfg = Debug|Any CPU
		{93614F5D-3977-42F0-A7F8-34CBFBB4402A}.Debug|Any CPU.Build.0 = Debug|Any CPU
		{93614F5D-3977-42F0-A7F8-34CBFBB4402A}.Debug|x64.ActiveCfg = Debug|x64
		{93614F5D-3977-42F0-A7F8-34CBFBB4402A}.Debug|x64.Build.0 = Debug|x64
		{93614F5D-3977-42F0-A7F8-34CBFBB4402A}.Debug|x86.ActiveCfg = Debug|x86
		{93614F5D-3977-42F0-A7F8-34CBFBB4402A}.Debug|x86.Build.0 = Debug|x86
		{93614F5D-3977-42F0-A7F8-34CBFBB4402A}.Release|Any CPU.ActiveCfg = Release|Any CPU
		{93614F5D-3977-42F0-A7F8-34CBFBB4402A}.Release|Any CPU.Build.0 = Release|Any CPU
		{93614F5D-3977-42F0-A7F8-34CBFBB4402A}.Release|x64.ActiveCfg = Release|x64
		{93614F5D-3977-42F0-A7F8-34CBFBB4402A}.Release|x64.Build.0 = Release|x64
		{93614F5D-3977-42F0-A7F8-34CBFBB4402A}.Release|x86.ActiveCfg = Release|x86
		{93614F5D-3977-42F0-A7F8-34CBFBB4402A}.Release|x86.Build.0 = Release|x86
		{C3D9CEF5-1DB6-48A2-8E51-2A363CF969BF}.Debug|Any CPU.ActiveCfg = Debug|Any CPU
		{C3D9CEF5-1DB6-48A2-8E51-2A363CF969BF}.Debug|Any CPU.Build.0 = Debug|Any CPU
		{C3D9CEF5-1DB6-48A2-8E51-2A363CF969BF}.Debug|x64.ActiveCfg = Debug|x64
		{C3D9CEF5-1DB6-48A2-8E51-2A363CF969BF}.Debug|x64.Build.0 = Debug|x64
		{C3D9CEF5-1DB6-48A2-8E51-2A363CF969BF}.Debug|x86.ActiveCfg = Debug|x86
		{C3D9CEF5-1DB6-48A2-8E51-2A363CF969BF}.Debug|x86.Build.0 = Debug|x86
		{C3D9CEF5-1DB6-48A2-8E51-2A363CF969BF}.Release|Any CPU.ActiveCfg = Release|Any CPU
		{C3D9CEF5-1DB6-48A2-8E51-2A363CF969BF}.Release|Any CPU.Build.0 = Release|Any CPU
		{C3D9CEF5-1DB6-48A2-8E51-2A363CF969BF}.Release|x64.ActiveCfg = Release|x64
		{C3D9CEF5-1DB6-48A2-8E51-2A363CF969BF}.Release|x64.Build.0 = Release|x64
		{C3D9CEF5-1DB6-48A2-8E51-2A363CF969BF}.Release|x86.ActiveCfg = Release|x86
		{C3D9CEF5-1DB6-48A2-8E51-2A363CF969BF}.Release|x86.Build.0 = Release|x86
		{B5CD92B9-5467-4EFA-BF9A-0762469BB3D5}.Debug|Any CPU.ActiveCfg = Debug|Any CPU
		{B5CD92B9-5467-4EFA-BF9A-0762469BB3D5}.Debug|Any CPU.Build.0 = Debug|Any CPU
		{B5CD92B9-5467-4EFA-BF9A-0762469BB3D5}.Debug|x64.ActiveCfg = Debug|x64
		{B5CD92B9-5467-4EFA-BF9A-0762469BB3D5}.Debug|x64.Build.0 = Debug|x64
		{B5CD92B9-5467-4EFA-BF9A-0762469BB3D5}.Debug|x86.ActiveCfg = Debug|x86
		{B5CD92B9-5467-4EFA-BF9A-0762469BB3D5}.Debug|x86.Build.0 = Debug|x86
		{B5CD92B9-5467-4EFA-BF9A-0762469BB3D5}.Release|Any CPU.ActiveCfg = Release|Any CPU
		{B5CD92B9-5467-4EFA-BF9A-0762469BB3D5}.Release|Any CPU.Build.0 = Release|Any CPU
		{B5CD92B9-5467-4EFA-BF9A-0762469BB3D5}.Release|x64.ActiveCfg = Release|x64
		{B5CD92B9-5467-4EFA-BF9A-0762469BB3D5}.Release|x64.Build.0 = Release|x64
		{B5CD92B9-5467-4EFA-BF9A-0762469BB3D5}.Release|x86.ActiveCfg = Release|x86
		{B5CD92B9-5467-4EFA-BF9A-0762469BB3D5}.Release|x86.Build.0 = Release|x86
		{BD497ABD-A190-4401-A1C6-BA41D2B02420}.Debug|Any CPU.ActiveCfg = Debug|Any CPU
		{BD497ABD-A190-4401-A1C6-BA41D2B02420}.Debug|Any CPU.Build.0 = Debug|Any CPU
		{BD497ABD-A190-4401-A1C6-BA41D2B02420}.Debug|x64.ActiveCfg = Debug|x64
		{BD497ABD-A190-4401-A1C6-BA41D2B02420}.Debug|x64.Build.0 = Debug|x64
		{BD497ABD-A190-4401-A1C6-BA41D2B02420}.Debug|x86.ActiveCfg = Debug|x86
		{BD497ABD-A190-4401-A1C6-BA41D2B02420}.Debug|x86.Build.0 = Debug|x86
		{BD497ABD-A190-4401-A1C6-BA41D2B02420}.Release|Any CPU.ActiveCfg = Release|Any CPU
		{BD497ABD-A190-4401-A1C6-BA41D2B02420}.Release|Any CPU.Build.0 = Release|Any CPU
		{BD497ABD-A190-4401-A1C6-BA41D2B02420}.Release|x64.ActiveCfg = Release|x64
		{BD497ABD-A190-4401-A1C6-BA41D2B02420}.Release|x64.Build.0 = Release|x64
		{BD497ABD-A190-4401-A1C6-BA41D2B02420}.Release|x86.ActiveCfg = Release|x86
		{BD497ABD-A190-4401-A1C6-BA41D2B02420}.Release|x86.Build.0 = Release|x86
		{CBC1F35E-2655-48CC-A46C-5FFE203A1084}.Debug|Any CPU.ActiveCfg = Debug|Any CPU
		{CBC1F35E-2655-48CC-A46C-5FFE203A1084}.Debug|Any CPU.Build.0 = Debug|Any CPU
		{CBC1F35E-2655-48CC-A46C-5FFE203A1084}.Debug|x64.ActiveCfg = Debug|x64
		{CBC1F35E-2655-48CC-A46C-5FFE203A1084}.Debug|x64.Build.0 = Debug|x64
		{CBC1F35E-2655-48CC-A46C-5FFE203A1084}.Debug|x86.ActiveCfg = Debug|x86
		{CBC1F35E-2655-48CC-A46C-5FFE203A1084}.Debug|x86.Build.0 = Debug|x86
		{CBC1F35E-2655-48CC-A46C-5FFE203A1084}.Release|Any CPU.ActiveCfg = Release|Any CPU
		{CBC1F35E-2655-48CC-A46C-5FFE203A1084}.Release|Any CPU.Build.0 = Release|Any CPU
		{CBC1F35E-2655-48CC-A46C-5FFE203A1084}.Release|x64.ActiveCfg = Release|x64
		{CBC1F35E-2655-48CC-A46C-5FFE203A1084}.Release|x64.Build.0 = Release|x64
		{CBC1F35E-2655-48CC-A46C-5FFE203A1084}.Release|x86.ActiveCfg = Release|x86
		{CBC1F35E-2655-48CC-A46C-5FFE203A1084}.Release|x86.Build.0 = Release|x86
	EndGlobalSection
	GlobalSection(NestedProjects) = preSolution
		{9DCE1B32-8472-47A3-B860-8BB1F8A83AD3} = {B49E3CAF-606E-49B4-AFDB-A282064AFA0C}
		{F665C07F-E856-4C22-B920-3B2054615DA3} = {9DCE1B32-8472-47A3-B860-8BB1F8A83AD3}
		{48DCBB64-FF6F-4215-ABAB-576F2FC2CC42} = {B49E3CAF-606E-49B4-AFDB-A282064AFA0C}
		{57166C44-5051-4EF4-AA84-D36EE7AA4D75} = {48DCBB64-FF6F-4215-ABAB-576F2FC2CC42}
		{E92E2736-D1BB-496C-B492-E2CED9AAE250} = {48DCBB64-FF6F-4215-ABAB-576F2FC2CC42}
		{1BE177A3-EF2B-4FCC-85D6-8B703068F4CC} = {9DCE1B32-8472-47A3-B860-8BB1F8A83AD3}
		{93614F5D-3977-42F0-A7F8-34CBFBB4402A} = {9DCE1B32-8472-47A3-B860-8BB1F8A83AD3}
		{C3D9CEF5-1DB6-48A2-8E51-2A363CF969BF} = {9DCE1B32-8472-47A3-B860-8BB1F8A83AD3}
		{B5CD92B9-5467-4EFA-BF9A-0762469BB3D5} = {9DCE1B32-8472-47A3-B860-8BB1F8A83AD3}
		{BD497ABD-A190-4401-A1C6-BA41D2B02420} = {9DCE1B32-8472-47A3-B860-8BB1F8A83AD3}
		{CBC1F35E-2655-48CC-A46C-5FFE203A1084} = {48DCBB64-FF6F-4215-ABAB-576F2FC2CC42}
	EndGlobalSection
EndGlobal
